
Microsoft Visual Studio Solution File, Format Version 12.00
# Visual Studio Version 17
VisualStudioVersion = 17.11.35303.130
MinimumVisualStudioVersion = 10.0.40219.1
Project("{9A19103F-16F7-4668-BE54-9A1E7A4F7556}") = "Project K.App", "Project-K.App\Project K.App.csproj", "{510DF780-2FDC-4E31-9224-366BCD4BDDD3}"
EndProject
Project("{9A19103F-16F7-4668-BE54-9A1E7A4F7556}") = "Project-K.BusinessLogic", "Project-K.BusinessLogic\Project-K.BusinessLogic.csproj", "{883AE6D7-6F3F-41C9-AAE1-FE620D1136A4}"
EndProject
Project("{9A19103F-16F7-4668-BE54-9A1E7A4F7556}") = "Project-K.Infrastructure", "Project-K.Infrastructure\Project-K.Infrastructure.csproj", "{461A86FA-44C4-4655-89B4-B339ACA9202A}"
EndProject
Global
	GlobalSection(SolutionConfigurationPlatforms) = preSolution
		Debug|Any CPU = Debug|Any CPU
		Release|Any CPU = Release|Any CPU
	EndGlobalSection
	GlobalSection(ProjectConfigurationPlatforms) = postSolution
		{510DF780-2FDC-4E31-9224-366BCD4BDDD3}.Debug|Any CPU.ActiveCfg = Debug|Any CPU
		{510DF780-2FDC-4E31-9224-366BCD4BDDD3}.Debug|Any CPU.Build.0 = Debug|Any CPU
		{510DF780-2FDC-4E31-9224-366BCD4BDDD3}.Release|Any CPU.ActiveCfg = Release|Any CPU
		{510DF780-2FDC-4E31-9224-366BCD4BDDD3}.Release|Any CPU.Build.0 = Release|Any CPU
		{883AE6D7-6F3F-41C9-AAE1-FE620D1136A4}.Debug|Any CPU.ActiveCfg = Debug|Any CPU
		{883AE6D7-6F3F-41C9-AAE1-FE620D1136A4}.Debug|Any CPU.Build.0 = Debug|Any CPU
		{883AE6D7-6F3F-41C9-AAE1-FE620D1136A4}.Release|Any CPU.ActiveCfg = Release|Any CPU
		{883AE6D7-6F3F-41C9-AAE1-FE620D1136A4}.Release|Any CPU.Build.0 = Release|Any CPU
		{461A86FA-44C4-4655-89B4-B339ACA9202A}.Debug|Any CPU.ActiveCfg = Debug|Any CPU
		{461A86FA-44C4-4655-89B4-B339ACA9202A}.Debug|Any CPU.Build.0 = Debug|Any CPU
		{461A86FA-44C4-4655-89B4-B339ACA9202A}.Release|Any CPU.ActiveCfg = Release|Any CPU
		{461A86FA-44C4-4655-89B4-B339ACA9202A}.Release|Any CPU.Build.0 = Release|Any CPU
	EndGlobalSection
	GlobalSection(SolutionProperties) = preSolution
		HideSolutionNode = FALSE
	EndGlobalSection
	GlobalSection(ExtensibilityGlobals) = postSolution
		SolutionGuid = {DCBBB80D-C0DF-495A-9162-694BCC410C5F}
	EndGlobalSection
EndGlobal
