
Microsoft Visual Studio Solution File, Format Version 12.00
# Visual Studio Version 17
VisualStudioVersion = 17.11.35303.130
MinimumVisualStudioVersion = 10.0.40219.1
Project("{9A19103F-16F7-4668-BE54-9A1E7A4F7556}") = "Project-K.BusinessLogic", "..\Project-K.BusinessLogic\Project-K.BusinessLogic.csproj", "{71C8D709-0404-4694-9884-910E12974BFB}"
EndProject
Project("{9A19103F-16F7-4668-BE54-9A1E7A4F7556}") = "Project-K.Infrastructure", "..\Project-K.Infrastructure\Project-K.Infrastructure.csproj", "{433B83B2-55C9-4898-AA7A-AA32B3A85357}"
EndProject
Project("{9A19103F-16F7-4668-BE54-9A1E7A4F7556}") = "Project K.App", "Project K.App.csproj", "{7A2A57FD-1AF5-49EC-BF9A-8ABAA07E8B3D}"
EndProject
Global
	GlobalSection(SolutionConfigurationPlatforms) = preSolution
		Debug|Any CPU = Debug|Any CPU
		Release|Any CPU = Release|Any CPU
	EndGlobalSection
	GlobalSection(ProjectConfigurationPlatforms) = postSolution
		{71C8D709-0404-4694-9884-910E12974BFB}.Debug|Any CPU.ActiveCfg = Debug|Any CPU
		{71C8D709-0404-4694-9884-910E12974BFB}.Debug|Any CPU.Build.0 = Debug|Any CPU
		{71C8D709-0404-4694-9884-910E12974BFB}.Release|Any CPU.ActiveCfg = Release|Any CPU
		{71C8D709-0404-4694-9884-910E12974BFB}.Release|Any CPU.Build.0 = Release|Any CPU
		{433B83B2-55C9-4898-AA7A-AA32B3A85357}.Debug|Any CPU.ActiveCfg = Debug|Any CPU
		{433B83B2-55C9-4898-AA7A-AA32B3A85357}.Debug|Any CPU.Build.0 = Debug|Any CPU
		{433B83B2-55C9-4898-AA7A-AA32B3A85357}.Release|Any CPU.ActiveCfg = Release|Any CPU
		{433B83B2-55C9-4898-AA7A-AA32B3A85357}.Release|Any CPU.Build.0 = Release|Any CPU
		{7A2A57FD-1AF5-49EC-BF9A-8ABAA07E8B3D}.Debug|Any CPU.ActiveCfg = Debug|Any CPU
		{7A2A57FD-1AF5-49EC-BF9A-8ABAA07E8B3D}.Debug|Any CPU.Build.0 = Debug|Any CPU
		{7A2A57FD-1AF5-49EC-BF9A-8ABAA07E8B3D}.Release|Any CPU.ActiveCfg = Release|Any CPU
		{7A2A57FD-1AF5-49EC-BF9A-8ABAA07E8B3D}.Release|Any CPU.Build.0 = Release|Any CPU
	EndGlobalSection
	GlobalSection(SolutionProperties) = preSolution
		HideSolutionNode = FALSE
	EndGlobalSection
	GlobalSection(ExtensibilityGlobals) = postSolution
		SolutionGuid = {DCBBB80D-C0DF-495A-9162-694BCC410C5F}
	EndGlobalSection
EndGlobal
